
Microsoft Visual Studio Solution File, Format Version 12.00
# Visual Studio Version 16
VisualStudioVersion = 16.0.30907.101
MinimumVisualStudioVersion = 10.0.40219.1
Project("{FAE04EC0-301F-11D3-BF4B-00C04F79EFBC}") = "Eiko.Audio.Detect", "Eiko.Audio.Detect.csproj", "{D8ABDDB0-5988-4F7F-A88A-C7F94CA7476D}"
EndProject
Project("{FAE04EC0-301F-11D3-BF4B-00C04F79EFBC}") = "ToggleSwitch", "ToggleSwitch\ToggleSwitch\ToggleSwitch.csproj", "{49B88FFA-F02C-4709-BA65-9F8996444ECD}"
EndProject
Global
	GlobalSection(SolutionConfigurationPlatforms) = preSolution
		Debug|Any CPU = Debug|Any CPU
		Release|Any CPU = Release|Any CPU
	EndGlobalSection
	GlobalSection(ProjectConfigurationPlatforms) = postSolution
		{D8ABDDB0-5988-4F7F-A88A-C7F94CA7476D}.Debug|Any CPU.ActiveCfg = Debug|Any CPU
		{D8ABDDB0-5988-4F7F-A88A-C7F94CA7476D}.Debug|Any CPU.Build.0 = Debug|Any CPU
		{D8ABDDB0-5988-4F7F-A88A-C7F94CA7476D}.Release|Any CPU.ActiveCfg = Release|Any CPU
		{D8ABDDB0-5988-4F7F-A88A-C7F94CA7476D}.Release|Any CPU.Build.0 = Release|Any CPU
		{49B88FFA-F02C-4709-BA65-9F8996444ECD}.Debug|Any CPU.ActiveCfg = Debug|Any CPU
		{49B88FFA-F02C-4709-BA65-9F8996444ECD}.Debug|Any CPU.Build.0 = Debug|Any CPU
		{49B88FFA-F02C-4709-BA65-9F8996444ECD}.Release|Any CPU.ActiveCfg = Release|Any CPU
		{49B88FFA-F02C-4709-BA65-9F8996444ECD}.Release|Any CPU.Build.0 = Release|Any CPU
	EndGlobalSection
	GlobalSection(SolutionProperties) = preSolution
		HideSolutionNode = FALSE
	EndGlobalSection
	GlobalSection(ExtensibilityGlobals) = postSolution
		SolutionGuid = {29CCBFD8-8330-44BE-A1EA-90A4B3658FE3}
	EndGlobalSection
EndGlobal
